<?xml version="1.0" encoding="utf-8"?>
<Project ToolsVersion="4.0" xmlns="http://schemas.microsoft.com/developer/msbuild/2003">
  <ItemGroup>
    <Filter Include="Source Files">
      <UniqueIdentifier>{4FC737F1-C7A5-4376-A066-2A32D752A2FF}</UniqueIdentifier>
      <Extensions>cpp;c;cc;cxx;def;odl;idl;hpj;bat;asm;asmx</Extensions>
    </Filter>
    <Filter Include="Resource Files">
      <UniqueIdentifier>{67DA6AB6-F800-4c08-8B7A-83BB121AAD01}</UniqueIdentifier>
      <Extensions>rc;ico;cur;bmp;dlg;rc2;rct;bin;rgs;gif;jpg;jpeg;jpe;resx;tiff;tif;png;wav;mfcribbon-ms</Extensions>
    </Filter>
    <Filter Include="Header Files">
      <UniqueIdentifier>{93995380-89BD-4b04-88EB-625FBE52EBFB}</UniqueIdentifier>
      <Extensions>h;hh;hpp;hxx;hm;inl;inc;xsd</Extensions>
    </Filter>
  </ItemGroup>
  <ItemGroup>
    <None Include="HCS_TA.ino" />
    <None Include="Heating control system with TA.docx">
      <Filter>Resource Files</Filter>
    </None>
    <None Include="Echange protocol.docx">
      <Filter>Resource Files</Filter>
    </None>
    <None Include="NetworkSharing.ino" />
    <None Include="SystemTime.ino" />
    <None Include="memoryFree.ino" />
    <None Include="Bugs.docx">
      <Filter>Resource Files</Filter>
    </None>
  </ItemGroup>
  <ItemGroup>
    <ClInclude Include="__vm\.HCS_TA.vsarduino.h">
      <Filter>Header Files</Filter>
    </ClInclude>
    <ClInclude Include="HeaderHCS_TA.h">
      <Filter>Header Files</Filter>
    </ClInclude>
    <ClInclude Include="Button.h">
      <Filter>Header Files</Filter>
    </ClInclude>
    <ClInclude Include="myCycle.h">
      <Filter>Header Files</Filter>
    </ClInclude>
    <ClInclude Include="Indicator_TM1637.h">
      <Filter>Header Files</Filter>
    </ClInclude>
    <ClInclude Include="Pins.h">
      <Filter>Header Files</Filter>
    </ClInclude>
    <ClInclude Include="libraries\TM1637\TM1637Display.h">
      <Filter>Header Files</Filter>
    </ClInclude>
    <ClInclude Include="libraries\Wire\utility\twi.h">
      <Filter>Header Files</Filter>
    </ClInclude>
    <ClInclude Include="Temp_DS18B20.h">
      <Filter>Header Files</Filter>
    </ClInclude>
    <ClInclude Include="resource.h">
      <Filter>Header Files</Filter>
    </ClInclude>
    <ClInclude Include="ValvesAndPumpsController.h">
      <Filter>Header Files</Filter>
    </ClInclude>
    <ClInclude Include="resource1.h">
      <Filter>Header Files</Filter>
    </ClInclude>
    <ClInclude Include="libraries\Arduino_TimerList-master\TimerList.h">
      <Filter>Header Files</Filter>
    </ClInclude>
    <ClInclude Include="libraries\MAX6675_Thermocouple\src\MAX6675_Thermocouple.h">
      <Filter>Header Files</Filter>
    </ClInclude>
    <ClInclude Include="libraries\EEManager-main\src\EEManager.h">
      <Filter>Header Files</Filter>
    </ClInclude>
  </ItemGroup>
  <ItemGroup>
    <ClCompile Include="Button.cpp">
      <Filter>Source Files</Filter>
    </ClCompile>
    <ClCompile Include="myCycle.cpp">
      <Filter>Source Files</Filter>
    </ClCompile>
    <ClCompile Include="Temp_DS18B20.cpp">
      <Filter>Source Files</Filter>
    </ClCompile>
    <ClCompile Include="Indicator_TM1637.cpp">
      <Filter>Source Files</Filter>
    </ClCompile>
    <ClCompile Include="libraries\TM1637\TM1637Display.cpp">
      <Filter>Source Files</Filter>
    </ClCompile>
    <ClCompile Include="ValvesAndPumpsController.cpp">
      <Filter>Source Files</Filter>
    </ClCompile>
    <ClCompile Include="libraries\Arduino_TimerList-master\TimerList.cpp">
      <Filter>Source Files</Filter>
    </ClCompile>
    <ClCompile Include="libraries\MAX6675_Thermocouple\src\MAX6675_Thermocouple.cpp">
      <Filter>Source Files</Filter>
    </ClCompile>
  </ItemGroup>
  <ItemGroup>
    <ResourceCompile Include="HCS_TA.rc">
      <Filter>Resource Files</Filter>
    </ResourceCompile>
  </ItemGroup>
</Project>